
Microsoft Visual Studio Solution File, Format Version 12.00
# Visual Studio 15
Project("{FAE04EC0-301F-11D3-BF4B-00C04F79EFBC}") = "Assembly-CSharp", "Assembly-CSharp.csproj", "{C61568CE-A66E-C6C1-B90A-9FB5395881DE}"
EndProject
Project("{FAE04EC0-301F-11D3-BF4B-00C04F79EFBC}") = "Assembly-CSharp-firstpass", "Assembly-CSharp-firstpass.csproj", "{1306BBAF-7CB4-CD31-ADF7-FCC448208B3B}"
EndProject
Global
	GlobalSection(SolutionConfigurationPlatforms) = preSolution
		Debug|Any CPU = Debug|Any CPU
		Release|Any CPU = Release|Any CPU
	EndGlobalSection
	GlobalSection(ProjectConfigurationPlatforms) = postSolution
		{C61568CE-A66E-C6C1-B90A-9FB5395881DE}.Debug|Any CPU.ActiveCfg = Debug|Any CPU
		{C61568CE-A66E-C6C1-B90A-9FB5395881DE}.Debug|Any CPU.Build.0 = Debug|Any CPU
		{C61568CE-A66E-C6C1-B90A-9FB5395881DE}.Release|Any CPU.ActiveCfg = Release|Any CPU
		{C61568CE-A66E-C6C1-B90A-9FB5395881DE}.Release|Any CPU.Build.0 = Release|Any CPU
		{1306BBAF-7CB4-CD31-ADF7-FCC448208B3B}.Debug|Any CPU.ActiveCfg = Debug|Any CPU
		{1306BBAF-7CB4-CD31-ADF7-FCC448208B3B}.Debug|Any CPU.Build.0 = Debug|Any CPU
		{1306BBAF-7CB4-CD31-ADF7-FCC448208B3B}.Release|Any CPU.ActiveCfg = Release|Any CPU
		{1306BBAF-7CB4-CD31-ADF7-FCC448208B3B}.Release|Any CPU.Build.0 = Release|Any CPU
	EndGlobalSection
	GlobalSection(SolutionProperties) = preSolution
		HideSolutionNode = FALSE
	EndGlobalSection
EndGlobal
